// !$*UTF8*$!
{
	archiveVersion = 1;
	classes = {
	};
	objectVersion = 52;
	objects = {

/* Begin PBXBuildFile section */
		67242BF026A20D4600559AAF /* PriceLabel.swift in Sources */ = {isa = PBXBuildFile; fileRef = 67242BEF26A20D4600559AAF /* PriceLabel.swift */; };
		67242BF226A215A200559AAF /* CompleteOrder.swift in Sources */ = {isa = PBXBuildFile; fileRef = 67242BF126A215A200559AAF /* CompleteOrder.swift */; };
		67242BF426A253EB00559AAF /* Deposit.swift in Sources */ = {isa = PBXBuildFile; fileRef = 67242BF326A253EB00559AAF /* Deposit.swift */; };
		67242BF626A306E000559AAF /* SumUpSDK.xcframework in Frameworks */ = {isa = PBXBuildFile; fileRef = 67242BF526A306E000559AAF /* SumUpSDK.xcframework */; };
		67242BF726A306E000559AAF /* SumUpSDK.xcframework in Embed Frameworks */ = {isa = PBXBuildFile; fileRef = 67242BF526A306E000559AAF /* SumUpSDK.xcframework */; settings = {ATTRIBUTES = (CodeSignOnCopy, RemoveHeadersOnCopy, ); }; };
		67242BFA26A3163900559AAF /* SolidButton.swift in Sources */ = {isa = PBXBuildFile; fileRef = 67242BF926A3163900559AAF /* SolidButton.swift */; };
		67242BFC26A3303C00559AAF /* ApolloSQLite in Frameworks */ = {isa = PBXBuildFile; productRef = 67242BFB26A3303C00559AAF /* ApolloSQLite */; };
		E968E01926287DC70001E857 /* SelectedProductsView.swift in Sources */ = {isa = PBXBuildFile; fileRef = E968E01826287DC70001E857 /* SelectedProductsView.swift */; };
		E9833C702625BE1E004771B1 /* ProductView.swift in Sources */ = {isa = PBXBuildFile; fileRef = E9833C6F2625BE1E004771B1 /* ProductView.swift */; };
		F50860592624CF19008089F8 /* AppDelegate.swift in Sources */ = {isa = PBXBuildFile; fileRef = F50860582624CF19008089F8 /* AppDelegate.swift */; };
		F508605B2624CF19008089F8 /* SceneDelegate.swift in Sources */ = {isa = PBXBuildFile; fileRef = F508605A2624CF19008089F8 /* SceneDelegate.swift */; };
		F508605D2624CF19008089F8 /* ContentView.swift in Sources */ = {isa = PBXBuildFile; fileRef = F508605C2624CF19008089F8 /* ContentView.swift */; };
		F508605F2624CF1B008089F8 /* Assets.xcassets in Resources */ = {isa = PBXBuildFile; fileRef = F508605E2624CF1B008089F8 /* Assets.xcassets */; };
		F50860622624CF1B008089F8 /* Preview Assets.xcassets in Resources */ = {isa = PBXBuildFile; fileRef = F50860612624CF1B008089F8 /* Preview Assets.xcassets */; };
		F50860652624CF1B008089F8 /* LaunchScreen.storyboard in Resources */ = {isa = PBXBuildFile; fileRef = F50860632624CF1B008089F8 /* LaunchScreen.storyboard */; };
		F508606F2624D094008089F8 /* Apollo in Frameworks */ = {isa = PBXBuildFile; productRef = F508606E2624D094008089F8 /* Apollo */; };
		F508607F2624D5E0008089F8 /* ProductLists.graphql in Resources */ = {isa = PBXBuildFile; fileRef = F508607E2624D5E0008089F8 /* ProductLists.graphql */; };
		F50860832624D670008089F8 /* API.swift in Sources */ = {isa = PBXBuildFile; fileRef = F50860822624D670008089F8 /* API.swift */; };
		F508608A2624D6D0008089F8 /* Network.swift in Sources */ = {isa = PBXBuildFile; fileRef = F50860892624D6D0008089F8 /* Network.swift */; };
		F53A22E82628CFD60046498A /* AppState.swift in Sources */ = {isa = PBXBuildFile; fileRef = F53A22E72628CFD60046498A /* AppState.swift */; };
		F59B4C0D265ED04E00E7E5A1 /* libPrinterSDK.a in Frameworks */ = {isa = PBXBuildFile; fileRef = F59B4C0C265ED04E00E7E5A1 /* libPrinterSDK.a */; };
		F59B4C10265ED24400E7E5A1 /* PrinterSDK.h in CopyFiles */ = {isa = PBXBuildFile; fileRef = F59B4C0E265ED1EF00E7E5A1 /* PrinterSDK.h */; };
		F9D544BE2628FEA200659C0B /* SumUpCard.swift in Sources */ = {isa = PBXBuildFile; fileRef = F9D544BD2628FEA200659C0B /* SumUpCard.swift */; };
/* End PBXBuildFile section */

/* Begin PBXCopyFilesBuildPhase section */
		67242BF826A306E000559AAF /* Embed Frameworks */ = {
			isa = PBXCopyFilesBuildPhase;
			buildActionMask = 2147483647;
			dstPath = "";
			dstSubfolderSpec = 10;
			files = (
				67242BF726A306E000559AAF /* SumUpSDK.xcframework in Embed Frameworks */,
			);
			name = "Embed Frameworks";
			runOnlyForDeploymentPostprocessing = 0;
		};
		F59B4C0F265ED21800E7E5A1 /* CopyFiles */ = {
			isa = PBXCopyFilesBuildPhase;
			buildActionMask = 2147483647;
			dstPath = "include/$(PRODUCT_NAME)";
			dstSubfolderSpec = 16;
			files = (
				F59B4C10265ED24400E7E5A1 /* PrinterSDK.h in CopyFiles */,
			);
			runOnlyForDeploymentPostprocessing = 0;
		};
/* End PBXCopyFilesBuildPhase section */

/* Begin PBXFileReference section */
		67242BEE26A208E400559AAF /* CreateOrder.graphql */ = {isa = PBXFileReference; lastKnownFileType = text; path = CreateOrder.graphql; sourceTree = "<group>"; };
		67242BEF26A20D4600559AAF /* PriceLabel.swift */ = {isa = PBXFileReference; lastKnownFileType = sourcecode.swift; path = PriceLabel.swift; sourceTree = "<group>"; };
		67242BF126A215A200559AAF /* CompleteOrder.swift */ = {isa = PBXFileReference; lastKnownFileType = sourcecode.swift; path = CompleteOrder.swift; sourceTree = "<group>"; };
		67242BF326A253EB00559AAF /* Deposit.swift */ = {isa = PBXFileReference; lastKnownFileType = sourcecode.swift; path = Deposit.swift; sourceTree = "<group>"; };
		67242BF526A306E000559AAF /* SumUpSDK.xcframework */ = {isa = PBXFileReference; lastKnownFileType = wrapper.xcframework; name = SumUpSDK.xcframework; path = "/Users/danielbuechele/Library/Developer/Xcode/DerivedData/kultButler-fufbsmogywwhsrefoyrgrydbhdbd/SourcePackages/checkouts/sumup-ios-sdk/SumUpSDK.xcframework"; sourceTree = "<absolute>"; };
		67242BF926A3163900559AAF /* SolidButton.swift */ = {isa = PBXFileReference; lastKnownFileType = sourcecode.swift; path = SolidButton.swift; sourceTree = "<group>"; };
		67242BFF26A3496D00559AAF /* Config.xcconfig */ = {isa = PBXFileReference; lastKnownFileType = text.xcconfig; path = Config.xcconfig; sourceTree = "<group>"; };
		67242C0126A4985C00559AAF /* Config.xcconfig.example */ = {isa = PBXFileReference; lastKnownFileType = text; path = Config.xcconfig.example; sourceTree = "<group>"; };
		E968E01826287DC70001E857 /* SelectedProductsView.swift */ = {isa = PBXFileReference; lastKnownFileType = sourcecode.swift; path = SelectedProductsView.swift; sourceTree = "<group>"; };
		E9833C6F2625BE1E004771B1 /* ProductView.swift */ = {isa = PBXFileReference; lastKnownFileType = sourcecode.swift; path = ProductView.swift; sourceTree = "<group>"; };
		F50860552624CF19008089F8 /* kultButler.app */ = {isa = PBXFileReference; explicitFileType = wrapper.application; includeInIndex = 0; path = kultButler.app; sourceTree = BUILT_PRODUCTS_DIR; };
		F50860582624CF19008089F8 /* AppDelegate.swift */ = {isa = PBXFileReference; lastKnownFileType = sourcecode.swift; path = AppDelegate.swift; sourceTree = "<group>"; };
		F508605A2624CF19008089F8 /* SceneDelegate.swift */ = {isa = PBXFileReference; lastKnownFileType = sourcecode.swift; path = SceneDelegate.swift; sourceTree = "<group>"; };
		F508605C2624CF19008089F8 /* ContentView.swift */ = {isa = PBXFileReference; lastKnownFileType = sourcecode.swift; path = ContentView.swift; sourceTree = "<group>"; };
		F508605E2624CF1B008089F8 /* Assets.xcassets */ = {isa = PBXFileReference; lastKnownFileType = folder.assetcatalog; path = Assets.xcassets; sourceTree = "<group>"; };
		F50860612624CF1B008089F8 /* Preview Assets.xcassets */ = {isa = PBXFileReference; lastKnownFileType = folder.assetcatalog; path = "Preview Assets.xcassets"; sourceTree = "<group>"; };
		F50860642624CF1B008089F8 /* Base */ = {isa = PBXFileReference; lastKnownFileType = file.storyboard; name = Base; path = Base.lproj/LaunchScreen.storyboard; sourceTree = "<group>"; };
		F50860662624CF1B008089F8 /* Info.plist */ = {isa = PBXFileReference; lastKnownFileType = text.plist.xml; path = Info.plist; sourceTree = "<group>"; };
		F508607D2624D574008089F8 /* schema.json */ = {isa = PBXFileReference; lastKnownFileType = text.json; path = schema.json; sourceTree = "<group>"; };
		F508607E2624D5E0008089F8 /* ProductLists.graphql */ = {isa = PBXFileReference; lastKnownFileType = text; path = ProductLists.graphql; sourceTree = "<group>"; };
		F50860822624D670008089F8 /* API.swift */ = {isa = PBXFileReference; fileEncoding = 4; lastKnownFileType = sourcecode.swift; path = API.swift; sourceTree = "<group>"; };
		F50860892624D6D0008089F8 /* Network.swift */ = {isa = PBXFileReference; lastKnownFileType = sourcecode.swift; path = Network.swift; sourceTree = "<group>"; };
		F53A22E72628CFD60046498A /* AppState.swift */ = {isa = PBXFileReference; lastKnownFileType = sourcecode.swift; path = AppState.swift; sourceTree = "<group>"; };
		F59B4C0C265ED04E00E7E5A1 /* libPrinterSDK.a */ = {isa = PBXFileReference; lastKnownFileType = archive.ar; path = libPrinterSDK.a; sourceTree = "<group>"; };
		F59B4C0E265ED1EF00E7E5A1 /* PrinterSDK.h */ = {isa = PBXFileReference; fileEncoding = 4; lastKnownFileType = sourcecode.c.h; path = PrinterSDK.h; sourceTree = "<group>"; };
		F59B4C12265ED2FC00E7E5A1 /* kultButler-Bridging-Header.h */ = {isa = PBXFileReference; lastKnownFileType = sourcecode.c.h; path = "kultButler-Bridging-Header.h"; sourceTree = "<group>"; };
		F9D544BD2628FEA200659C0B /* SumUpCard.swift */ = {isa = PBXFileReference; lastKnownFileType = sourcecode.swift; path = SumUpCard.swift; sourceTree = "<group>"; };
/* End PBXFileReference section */

/* Begin PBXFrameworksBuildPhase section */
		F50860522624CF19008089F8 /* Frameworks */ = {
			isa = PBXFrameworksBuildPhase;
			buildActionMask = 2147483647;
			files = (
				F59B4C0D265ED04E00E7E5A1 /* libPrinterSDK.a in Frameworks */,
				67242BFC26A3303C00559AAF /* ApolloSQLite in Frameworks */,
				F508606F2624D094008089F8 /* Apollo in Frameworks */,
				67242BF626A306E000559AAF /* SumUpSDK.xcframework in Frameworks */,
			);
			runOnlyForDeploymentPostprocessing = 0;
		};
/* End PBXFrameworksBuildPhase section */

/* Begin PBXGroup section */
		F508604C2624CF19008089F8 = {
			isa = PBXGroup;
			children = (
				67242BFF26A3496D00559AAF /* Config.xcconfig */,
				67242C0126A4985C00559AAF /* Config.xcconfig.example */,
				F59B4C08265ECF2300E7E5A1 /* Frameworks */,
				F50860572624CF19008089F8 /* kultButler */,
				F50860562624CF19008089F8 /* Products */,
			);
			sourceTree = "<group>";
		};
		F50860562624CF19008089F8 /* Products */ = {
			isa = PBXGroup;
			children = (
				F50860552624CF19008089F8 /* kultButler.app */,
			);
			name = Products;
			sourceTree = "<group>";
		};
		F50860572624CF19008089F8 /* kultButler */ = {
			isa = PBXGroup;
			children = (
				F50860822624D670008089F8 /* API.swift */,
				F53A22E72628CFD60046498A /* AppState.swift */,
				F508607D2624D574008089F8 /* schema.json */,
				F50860582624CF19008089F8 /* AppDelegate.swift */,
				F508605A2624CF19008089F8 /* SceneDelegate.swift */,
				F508605C2624CF19008089F8 /* ContentView.swift */,
				67242BF126A215A200559AAF /* CompleteOrder.swift */,
				E968E01826287DC70001E857 /* SelectedProductsView.swift */,
				F9D544BD2628FEA200659C0B /* SumUpCard.swift */,
				E9833C6F2625BE1E004771B1 /* ProductView.swift */,
				67242BEF26A20D4600559AAF /* PriceLabel.swift */,
				67242BF926A3163900559AAF /* SolidButton.swift */,
				67242BF326A253EB00559AAF /* Deposit.swift */,
				F50860892624D6D0008089F8 /* Network.swift */,
				F508605E2624CF1B008089F8 /* Assets.xcassets */,
				F50860632624CF1B008089F8 /* LaunchScreen.storyboard */,
				F50860662624CF1B008089F8 /* Info.plist */,
				F59B4C11265ED2C700E7E5A1 /* Supporting Files */,
				F50860602624CF1B008089F8 /* Preview Content */,
				67242BEE26A208E400559AAF /* CreateOrder.graphql */,
				F508607E2624D5E0008089F8 /* ProductLists.graphql */,
			);
			path = kultButler;
			sourceTree = "<group>";
		};
		F50860602624CF1B008089F8 /* Preview Content */ = {
			isa = PBXGroup;
			children = (
				F50860612624CF1B008089F8 /* Preview Assets.xcassets */,
			);
			path = "Preview Content";
			sourceTree = "<group>";
		};
		F59B4C08265ECF2300E7E5A1 /* Frameworks */ = {
			isa = PBXGroup;
			children = (
				F59B4C0C265ED04E00E7E5A1 /* libPrinterSDK.a */,
				F59B4C0E265ED1EF00E7E5A1 /* PrinterSDK.h */,
				67242BF526A306E000559AAF /* SumUpSDK.xcframework */,
			);
			path = Frameworks;
			sourceTree = "<group>";
		};
		F59B4C11265ED2C700E7E5A1 /* Supporting Files */ = {
			isa = PBXGroup;
			children = (
				F59B4C12265ED2FC00E7E5A1 /* kultButler-Bridging-Header.h */,
			);
			path = "Supporting Files";
			sourceTree = "<group>";
		};
/* End PBXGroup section */

/* Begin PBXNativeTarget section */
		F50860542624CF19008089F8 /* kultButler */ = {
			isa = PBXNativeTarget;
			buildConfigurationList = F50860692624CF1B008089F8 /* Build configuration list for PBXNativeTarget "kultButler" */;
			buildPhases = (
				F50860712624D154008089F8 /* Swiftlint */,
				F50860772624D384008089F8 /* Apollo CLI */,
				F50860512624CF19008089F8 /* Sources */,
				F50860522624CF19008089F8 /* Frameworks */,
				F59B4C0F265ED21800E7E5A1 /* CopyFiles */,
				F50860532624CF19008089F8 /* Resources */,
				67242BF826A306E000559AAF /* Embed Frameworks */,
			);
			buildRules = (
			);
			dependencies = (
			);
			name = kultButler;
			packageProductDependencies = (
				F508606E2624D094008089F8 /* Apollo */,
				67242BFB26A3303C00559AAF /* ApolloSQLite */,
			);
			productName = kultButler;
			productReference = F50860552624CF19008089F8 /* kultButler.app */;
			productType = "com.apple.product-type.application";
		};
/* End PBXNativeTarget section */

/* Begin PBXProject section */
		F508604D2624CF19008089F8 /* Project object */ = {
			isa = PBXProject;
			attributes = {
				LastSwiftUpdateCheck = 1240;
				LastUpgradeCheck = 1240;
				TargetAttributes = {
					F50860542624CF19008089F8 = {
						CreatedOnToolsVersion = 12.4;
					};
				};
			};
			buildConfigurationList = F50860502624CF19008089F8 /* Build configuration list for PBXProject "kultButler" */;
			compatibilityVersion = "Xcode 9.3";
			developmentRegion = en;
			hasScannedForEncodings = 0;
			knownRegions = (
				en,
				Base,
			);
			mainGroup = F508604C2624CF19008089F8;
			packageReferences = (
				F508606D2624D094008089F8 /* XCRemoteSwiftPackageReference "apollo-ios" */,
				F50860732624D254008089F8 /* XCRemoteSwiftPackageReference "sumup-ios-sdk" */,
			);
			productRefGroup = F50860562624CF19008089F8 /* Products */;
			projectDirPath = "";
			projectRoot = "";
			targets = (
				F50860542624CF19008089F8 /* kultButler */,
			);
		};
/* End PBXProject section */

/* Begin PBXResourcesBuildPhase section */
		F50860532624CF19008089F8 /* Resources */ = {
			isa = PBXResourcesBuildPhase;
			buildActionMask = 2147483647;
			files = (
				F50860652624CF1B008089F8 /* LaunchScreen.storyboard in Resources */,
				F508607F2624D5E0008089F8 /* ProductLists.graphql in Resources */,
				F50860622624CF1B008089F8 /* Preview Assets.xcassets in Resources */,
				F508605F2624CF1B008089F8 /* Assets.xcassets in Resources */,
			);
			runOnlyForDeploymentPostprocessing = 0;
		};
/* End PBXResourcesBuildPhase section */

/* Begin PBXShellScriptBuildPhase section */
		F50860712624D154008089F8 /* Swiftlint */ = {
			isa = PBXShellScriptBuildPhase;
			buildActionMask = 2147483647;
			files = (
			);
			inputFileListPaths = (
			);
			inputPaths = (
			);
			name = Swiftlint;
			outputFileListPaths = (
			);
			outputPaths = (
			);
			runOnlyForDeploymentPostprocessing = 0;
			shellPath = /bin/sh;
			shellScript = "if which swiftlint >/dev/null; then\n  swiftlint\nelse\n  echo \"warning: SwiftLint not installed, download from https://github.com/realm/SwiftLint\"\nfi\n";
		};
		F50860772624D384008089F8 /* Apollo CLI */ = {
			isa = PBXShellScriptBuildPhase;
			buildActionMask = 2147483647;
			files = (
			);
			inputFileListPaths = (
			);
			inputPaths = (
			);
			name = "Apollo CLI";
			outputFileListPaths = (
			);
			outputPaths = (
			);
			runOnlyForDeploymentPostprocessing = 0;
			shellPath = /bin/sh;
			shellScript = "# Go to the build root and search up the chain to find the Derived Data Path where the source packages are checked out.\nDERIVED_DATA_CANDIDATE=\"${BUILD_ROOT}\"\n\nwhile ! [ -d \"${DERIVED_DATA_CANDIDATE}/SourcePackages\" ]; do\n  if [ \"${DERIVED_DATA_CANDIDATE}\" = / ]; then\n    echo >&2 \"error: Unable to locate SourcePackages directory from BUILD_ROOT: '${BUILD_ROOT}'\"\n    exit 1\n  fi\n\n  DERIVED_DATA_CANDIDATE=\"$(dirname \"${DERIVED_DATA_CANDIDATE}\")\"\ndone\n\n# Grab a reference to the directory where scripts are checked out\nSCRIPT_PATH=\"${DERIVED_DATA_CANDIDATE}/SourcePackages/checkouts/apollo-ios/scripts\"\n\nif [ -z \"${SCRIPT_PATH}\" ]; then\n    echo >&2 \"error: Couldn't find the CLI script in your checked out SPM packages; make sure to add the framework to your project.\"\n    exit 1\nfi\n\ncd \"${SRCROOT}/${TARGET_NAME}\"\n\"${SCRIPT_PATH}\"/run-bundled-codegen.sh codegen:generate --target=swift --includes=./**/*.graphql --localSchemaFile=\"schema.json\" API.swift\n#\"${SCRIPT_PATH}\"/run-bundled-codegen.sh schema:download --endpoint=\"https://api.kulturspektakel.de/graphql\"\n\n";
		};
/* End PBXShellScriptBuildPhase section */

/* Begin PBXSourcesBuildPhase section */
		F50860512624CF19008089F8 /* Sources */ = {
			isa = PBXSourcesBuildPhase;
			buildActionMask = 2147483647;
			files = (
				F508608A2624D6D0008089F8 /* Network.swift in Sources */,
				67242BF226A215A200559AAF /* CompleteOrder.swift in Sources */,
				F9D544BE2628FEA200659C0B /* SumUpCard.swift in Sources */,
				67242BFA26A3163900559AAF /* SolidButton.swift in Sources */,
				F50860592624CF19008089F8 /* AppDelegate.swift in Sources */,
				67242BF426A253EB00559AAF /* Deposit.swift in Sources */,
				F508605B2624CF19008089F8 /* SceneDelegate.swift in Sources */,
				67242BF026A20D4600559AAF /* PriceLabel.swift in Sources */,
				F53A22E82628CFD60046498A /* AppState.swift in Sources */,
				F50860832624D670008089F8 /* API.swift in Sources */,
				E968E01926287DC70001E857 /* SelectedProductsView.swift in Sources */,
				E9833C702625BE1E004771B1 /* ProductView.swift in Sources */,
				F508605D2624CF19008089F8 /* ContentView.swift in Sources */,
			);
			runOnlyForDeploymentPostprocessing = 0;
		};
/* End PBXSourcesBuildPhase section */

/* Begin PBXVariantGroup section */
		F50860632624CF1B008089F8 /* LaunchScreen.storyboard */ = {
			isa = PBXVariantGroup;
			children = (
				F50860642624CF1B008089F8 /* Base */,
			);
			name = LaunchScreen.storyboard;
			sourceTree = "<group>";
		};
/* End PBXVariantGroup section */

/* Begin XCBuildConfiguration section */
		F50860672624CF1B008089F8 /* Debug */ = {
			isa = XCBuildConfiguration;
			buildSettings = {
				ALWAYS_SEARCH_USER_PATHS = NO;
				CLANG_ANALYZER_NONNULL = YES;
				CLANG_ANALYZER_NUMBER_OBJECT_CONVERSION = YES_AGGRESSIVE;
				CLANG_CXX_LANGUAGE_STANDARD = "gnu++14";
				CLANG_CXX_LIBRARY = "libc++";
				CLANG_ENABLE_MODULES = YES;
				CLANG_ENABLE_OBJC_ARC = YES;
				CLANG_ENABLE_OBJC_WEAK = YES;
				CLANG_WARN_BLOCK_CAPTURE_AUTORELEASING = YES;
				CLANG_WARN_BOOL_CONVERSION = YES;
				CLANG_WARN_COMMA = YES;
				CLANG_WARN_CONSTANT_CONVERSION = YES;
				CLANG_WARN_DEPRECATED_OBJC_IMPLEMENTATIONS = YES;
				CLANG_WARN_DIRECT_OBJC_ISA_USAGE = YES_ERROR;
				CLANG_WARN_DOCUMENTATION_COMMENTS = YES;
				CLANG_WARN_EMPTY_BODY = YES;
				CLANG_WARN_ENUM_CONVERSION = YES;
				CLANG_WARN_INFINITE_RECURSION = YES;
				CLANG_WARN_INT_CONVERSION = YES;
				CLANG_WARN_NON_LITERAL_NULL_CONVERSION = YES;
				CLANG_WARN_OBJC_IMPLICIT_RETAIN_SELF = YES;
				CLANG_WARN_OBJC_LITERAL_CONVERSION = YES;
				CLANG_WARN_OBJC_ROOT_CLASS = YES_ERROR;
				CLANG_WARN_QUOTED_INCLUDE_IN_FRAMEWORK_HEADER = YES;
				CLANG_WARN_RANGE_LOOP_ANALYSIS = YES;
				CLANG_WARN_STRICT_PROTOTYPES = YES;
				CLANG_WARN_SUSPICIOUS_MOVE = YES;
				CLANG_WARN_UNGUARDED_AVAILABILITY = YES_AGGRESSIVE;
				CLANG_WARN_UNREACHABLE_CODE = YES;
				CLANG_WARN__DUPLICATE_METHOD_MATCH = YES;
				COPY_PHASE_STRIP = NO;
				DEBUG_INFORMATION_FORMAT = dwarf;
				ENABLE_BITCODE = NO;
				ENABLE_STRICT_OBJC_MSGSEND = YES;
				ENABLE_TESTABILITY = YES;
				GCC_C_LANGUAGE_STANDARD = gnu11;
				GCC_DYNAMIC_NO_PIC = NO;
				GCC_NO_COMMON_BLOCKS = YES;
				GCC_OPTIMIZATION_LEVEL = 0;
				GCC_PREPROCESSOR_DEFINITIONS = (
					"DEBUG=1",
					"$(inherited)",
				);
				GCC_WARN_64_TO_32_BIT_CONVERSION = YES;
				GCC_WARN_ABOUT_RETURN_TYPE = YES_ERROR;
				GCC_WARN_UNDECLARED_SELECTOR = YES;
				GCC_WARN_UNINITIALIZED_AUTOS = YES_AGGRESSIVE;
				GCC_WARN_UNUSED_FUNCTION = YES;
				GCC_WARN_UNUSED_VARIABLE = YES;
				IPHONEOS_DEPLOYMENT_TARGET = 14.4;
				MTL_ENABLE_DEBUG_INFO = INCLUDE_SOURCE;
				MTL_FAST_MATH = YES;
				ONLY_ACTIVE_ARCH = YES;
				SDKROOT = iphoneos;
				SWIFT_ACTIVE_COMPILATION_CONDITIONS = DEBUG;
				SWIFT_OPTIMIZATION_LEVEL = "-Onone";
			};
			name = Debug;
		};
		F50860682624CF1B008089F8 /* Release */ = {
			isa = XCBuildConfiguration;
			buildSettings = {
				ALWAYS_SEARCH_USER_PATHS = NO;
				CLANG_ANALYZER_NONNULL = YES;
				CLANG_ANALYZER_NUMBER_OBJECT_CONVERSION = YES_AGGRESSIVE;
				CLANG_CXX_LANGUAGE_STANDARD = "gnu++14";
				CLANG_CXX_LIBRARY = "libc++";
				CLANG_ENABLE_MODULES = YES;
				CLANG_ENABLE_OBJC_ARC = YES;
				CLANG_ENABLE_OBJC_WEAK = YES;
				CLANG_WARN_BLOCK_CAPTURE_AUTORELEASING = YES;
				CLANG_WARN_BOOL_CONVERSION = YES;
				CLANG_WARN_COMMA = YES;
				CLANG_WARN_CONSTANT_CONVERSION = YES;
				CLANG_WARN_DEPRECATED_OBJC_IMPLEMENTATIONS = YES;
				CLANG_WARN_DIRECT_OBJC_ISA_USAGE = YES_ERROR;
				CLANG_WARN_DOCUMENTATION_COMMENTS = YES;
				CLANG_WARN_EMPTY_BODY = YES;
				CLANG_WARN_ENUM_CONVERSION = YES;
				CLANG_WARN_INFINITE_RECURSION = YES;
				CLANG_WARN_INT_CONVERSION = YES;
				CLANG_WARN_NON_LITERAL_NULL_CONVERSION = YES;
				CLANG_WARN_OBJC_IMPLICIT_RETAIN_SELF = YES;
				CLANG_WARN_OBJC_LITERAL_CONVERSION = YES;
				CLANG_WARN_OBJC_ROOT_CLASS = YES_ERROR;
				CLANG_WARN_QUOTED_INCLUDE_IN_FRAMEWORK_HEADER = YES;
				CLANG_WARN_RANGE_LOOP_ANALYSIS = YES;
				CLANG_WARN_STRICT_PROTOTYPES = YES;
				CLANG_WARN_SUSPICIOUS_MOVE = YES;
				CLANG_WARN_UNGUARDED_AVAILABILITY = YES_AGGRESSIVE;
				CLANG_WARN_UNREACHABLE_CODE = YES;
				CLANG_WARN__DUPLICATE_METHOD_MATCH = YES;
				COPY_PHASE_STRIP = NO;
				DEBUG_INFORMATION_FORMAT = "dwarf-with-dsym";
				ENABLE_BITCODE = NO;
				ENABLE_NS_ASSERTIONS = NO;
				ENABLE_STRICT_OBJC_MSGSEND = YES;
				GCC_C_LANGUAGE_STANDARD = gnu11;
				GCC_NO_COMMON_BLOCKS = YES;
				GCC_WARN_64_TO_32_BIT_CONVERSION = YES;
				GCC_WARN_ABOUT_RETURN_TYPE = YES_ERROR;
				GCC_WARN_UNDECLARED_SELECTOR = YES;
				GCC_WARN_UNINITIALIZED_AUTOS = YES_AGGRESSIVE;
				GCC_WARN_UNUSED_FUNCTION = YES;
				GCC_WARN_UNUSED_VARIABLE = YES;
				IPHONEOS_DEPLOYMENT_TARGET = 14.4;
				MTL_ENABLE_DEBUG_INFO = NO;
				MTL_FAST_MATH = YES;
				SDKROOT = iphoneos;
				SWIFT_COMPILATION_MODE = wholemodule;
				SWIFT_OPTIMIZATION_LEVEL = "-O";
				VALIDATE_PRODUCT = YES;
			};
			name = Release;
		};
		F508606A2624CF1B008089F8 /* Debug */ = {
			isa = XCBuildConfiguration;
			baseConfigurationReference = 67242BFF26A3496D00559AAF /* Config.xcconfig */;
			buildSettings = {
				ASSETCATALOG_COMPILER_APPICON_NAME = AppIcon;
				ASSETCATALOG_COMPILER_GLOBAL_ACCENT_COLOR_NAME = AccentColor;
				CODE_SIGN_IDENTITY = "Apple Development";
				CODE_SIGN_STYLE = Automatic;
				DEVELOPMENT_ASSET_PATHS = "\"kultButler/Preview Content\"";
				DEVELOPMENT_TEAM = K5C6E7A2D6;
				ENABLE_BITCODE = NO;
				ENABLE_PREVIEWS = YES;
				HEADER_SEARCH_PATHS = (
					"$(PROJECT_DIR)/Frameworks/**",
					"$(inherited)",
				);
				INFOPLIST_FILE = kultButler/Info.plist;
				LD_RUNPATH_SEARCH_PATHS = (
					"$(inherited)",
					"@executable_path/Frameworks",
				);
				LIBRARY_SEARCH_PATHS = (
					"$(inherited)",
					"$(PROJECT_DIR)/Frameworks/**",
				);
				PRODUCT_BUNDLE_IDENTIFIER = de.kulturspektakel.kultButler;
				PRODUCT_NAME = "$(TARGET_NAME)";
				PROVISIONING_PROFILE_SPECIFIER = "";
				SWIFT_OBJC_BRIDGING_HEADER = "kultButler/Supporting Files/kultButler-Bridging-Header.h";
				SWIFT_VERSION = 5.0;
				TARGETED_DEVICE_FAMILY = "1,2";
			};
			name = Debug;
		};
		F508606B2624CF1B008089F8 /* Release */ = {
			isa = XCBuildConfiguration;
			baseConfigurationReference = 67242BFF26A3496D00559AAF /* Config.xcconfig */;
			buildSettings = {
				ASSETCATALOG_COMPILER_APPICON_NAME = AppIcon;
				ASSETCATALOG_COMPILER_GLOBAL_ACCENT_COLOR_NAME = AccentColor;
				CODE_SIGN_STYLE = Automatic;
				DEVELOPMENT_ASSET_PATHS = "\"kultButler/Preview Content\"";
				DEVELOPMENT_TEAM = K5C6E7A2D6;
				ENABLE_BITCODE = NO;
				ENABLE_PREVIEWS = YES;
				HEADER_SEARCH_PATHS = (
					"$(PROJECT_DIR)/Frameworks/**",
					"$(inherited)",
				);
				INFOPLIST_FILE = kultButler/Info.plist;
				LD_RUNPATH_SEARCH_PATHS = (
					"$(inherited)",
					"@executable_path/Frameworks",
				);
				LIBRARY_SEARCH_PATHS = (
					"$(inherited)",
					"$(PROJECT_DIR)/Frameworks/**",
				);
				PRODUCT_BUNDLE_IDENTIFIER = de.kulturspektakel.kultButler;
				PRODUCT_NAME = "$(TARGET_NAME)";
				SWIFT_OBJC_BRIDGING_HEADER = "kultButler/Supporting Files/kultButler-Bridging-Header.h";
				SWIFT_VERSION = 5.0;
				TARGETED_DEVICE_FAMILY = "1,2";
			};
			name = Release;
		};
/* End XCBuildConfiguration section */

/* Begin XCConfigurationList section */
		F50860502624CF19008089F8 /* Build configuration list for PBXProject "kultButler" */ = {
			isa = XCConfigurationList;
			buildConfigurations = (
				F50860672624CF1B008089F8 /* Debug */,
				F50860682624CF1B008089F8 /* Release */,
			);
			defaultConfigurationIsVisible = 0;
			defaultConfigurationName = Release;
		};
		F50860692624CF1B008089F8 /* Build configuration list for PBXNativeTarget "kultButler" */ = {
			isa = XCConfigurationList;
			buildConfigurations = (
				F508606A2624CF1B008089F8 /* Debug */,
				F508606B2624CF1B008089F8 /* Release */,
			);
			defaultConfigurationIsVisible = 0;
			defaultConfigurationName = Release;
		};
/* End XCConfigurationList section */

/* Begin XCRemoteSwiftPackageReference section */
		F508606D2624D094008089F8 /* XCRemoteSwiftPackageReference "apollo-ios" */ = {
			isa = XCRemoteSwiftPackageReference;
			repositoryURL = "https://github.com/apollographql/apollo-ios.git";
			requirement = {
				kind = upToNextMajorVersion;
				minimumVersion = 0.45.0;
			};
		};
		F50860732624D254008089F8 /* XCRemoteSwiftPackageReference "sumup-ios-sdk" */ = {
			isa = XCRemoteSwiftPackageReference;
			repositoryURL = "https://github.com/sumup/sumup-ios-sdk";
			requirement = {
				kind = upToNextMajorVersion;
				minimumVersion = 4.1.1;
			};
		};
/* End XCRemoteSwiftPackageReference section */

/* Begin XCSwiftPackageProductDependency section */
		67242BFB26A3303C00559AAF /* ApolloSQLite */ = {
			isa = XCSwiftPackageProductDependency;
			package = F508606D2624D094008089F8 /* XCRemoteSwiftPackageReference "apollo-ios" */;
			productName = ApolloSQLite;
		};
		F508606E2624D094008089F8 /* Apollo */ = {
			isa = XCSwiftPackageProductDependency;
			package = F508606D2624D094008089F8 /* XCRemoteSwiftPackageReference "apollo-ios" */;
			productName = Apollo;
		};
/* End XCSwiftPackageProductDependency section */
	};
	rootObject = F508604D2624CF19008089F8 /* Project object */;
}
